
Microsoft Visual Studio Solution File, Format Version 12.00
Project("{FAE04EC0-301F-11D3-BF4B-00C04F79EFBC}") = "ElasticEmbeddings.Core", "src\ElasticEmbeddings.Core\ElasticEmbeddings.Core.csproj", "{1E907E30-EC86-4D6E-8159-3B1721B76D55}"
EndProject
Project("{FAE04EC0-301F-11D3-BF4B-00C04F79EFBC}") = "ElasticEmbeddings.API", "src\ElasticEmbeddings.API\ElasticEmbeddings.API.csproj", "{D3C1C173-7B1E-49B5-84DE-F4BECE39AA3F}"
EndProject
Project("{FAE04EC0-301F-11D3-BF4B-00C04F79EFBC}") = "ElasticEmbeddings.Persistence", "src\ElasticEmbeddings.Persistence\ElasticEmbeddings.Persistence.csproj", "{8863B713-3562-466D-A867-A79D4EF0E417}"
EndProject
Project("{FAE04EC0-301F-11D3-BF4B-00C04F79EFBC}") = "ElasticEmbeddings.Embedding", "src\ElasticEmbeddings.Embedding\ElasticEmbeddings.Embedding.csproj", "{65069186-66B0-4666-8A24-0EAFFD036967}"
EndProject
Project("{FAE04EC0-301F-11D3-BF4B-00C04F79EFBC}") = "ElasticEmbeddings.Search", "src\ElasticEmbeddings.Search\ElasticEmbeddings.Search.csproj", "{D2379728-051D-49C7-89FE-E44D6CD7A322}"
EndProject
Project("{2150E333-8FDC-42A3-9474-1A3956D46DE8}") = "src", "src", "{FEC3B513-AB72-4BE3-9CB5-0CF8C5220A27}"
EndProject
Project("{2150E333-8FDC-42A3-9474-1A3956D46DE8}") = "solution", "solution", "{08A9F80F-5D9E-4F78-B26B-4E4DD7D3037C}"
	ProjectSection(SolutionItems) = preProject
		demo.ipynb = demo.ipynb
		docker-compose.yml = docker-compose.yml
		README.md = README.md
		.dockerignore = .dockerignore
		Dockerfile = Dockerfile
		.env = .env
		.gitignore = .gitignore
		.env.template = .env.template
	EndProjectSection
EndProject
Project("{2150E333-8FDC-42A3-9474-1A3956D46DE8}") = "tests", "tests", "{666A24E5-78DF-42B9-9D83-48E382DE7BA7}"
EndProject
Project("{FAE04EC0-301F-11D3-BF4B-00C04F79EFBC}") = "EndToEnd", "tests\EndToEnd\EndToEnd.csproj", "{650AE19E-77C1-4527-8555-C38FEC864235}"
EndProject
Global
	GlobalSection(SolutionConfigurationPlatforms) = preSolution
		Debug|Any CPU = Debug|Any CPU
		Release|Any CPU = Release|Any CPU
	EndGlobalSection
	GlobalSection(ProjectConfigurationPlatforms) = postSolution
		{1E907E30-EC86-4D6E-8159-3B1721B76D55}.Debug|Any CPU.ActiveCfg = Debug|Any CPU
		{1E907E30-EC86-4D6E-8159-3B1721B76D55}.Debug|Any CPU.Build.0 = Debug|Any CPU
		{1E907E30-EC86-4D6E-8159-3B1721B76D55}.Release|Any CPU.ActiveCfg = Release|Any CPU
		{1E907E30-EC86-4D6E-8159-3B1721B76D55}.Release|Any CPU.Build.0 = Release|Any CPU
		{D3C1C173-7B1E-49B5-84DE-F4BECE39AA3F}.Debug|Any CPU.ActiveCfg = Debug|Any CPU
		{D3C1C173-7B1E-49B5-84DE-F4BECE39AA3F}.Debug|Any CPU.Build.0 = Debug|Any CPU
		{D3C1C173-7B1E-49B5-84DE-F4BECE39AA3F}.Release|Any CPU.ActiveCfg = Release|Any CPU
		{D3C1C173-7B1E-49B5-84DE-F4BECE39AA3F}.Release|Any CPU.Build.0 = Release|Any CPU
		{8863B713-3562-466D-A867-A79D4EF0E417}.Debug|Any CPU.ActiveCfg = Debug|Any CPU
		{8863B713-3562-466D-A867-A79D4EF0E417}.Debug|Any CPU.Build.0 = Debug|Any CPU
		{8863B713-3562-466D-A867-A79D4EF0E417}.Release|Any CPU.ActiveCfg = Release|Any CPU
		{8863B713-3562-466D-A867-A79D4EF0E417}.Release|Any CPU.Build.0 = Release|Any CPU
		{65069186-66B0-4666-8A24-0EAFFD036967}.Debug|Any CPU.ActiveCfg = Debug|Any CPU
		{65069186-66B0-4666-8A24-0EAFFD036967}.Debug|Any CPU.Build.0 = Debug|Any CPU
		{65069186-66B0-4666-8A24-0EAFFD036967}.Release|Any CPU.ActiveCfg = Release|Any CPU
		{65069186-66B0-4666-8A24-0EAFFD036967}.Release|Any CPU.Build.0 = Release|Any CPU
		{D2379728-051D-49C7-89FE-E44D6CD7A322}.Debug|Any CPU.ActiveCfg = Debug|Any CPU
		{D2379728-051D-49C7-89FE-E44D6CD7A322}.Debug|Any CPU.Build.0 = Debug|Any CPU
		{D2379728-051D-49C7-89FE-E44D6CD7A322}.Release|Any CPU.ActiveCfg = Release|Any CPU
		{D2379728-051D-49C7-89FE-E44D6CD7A322}.Release|Any CPU.Build.0 = Release|Any CPU
		{650AE19E-77C1-4527-8555-C38FEC864235}.Debug|Any CPU.ActiveCfg = Debug|Any CPU
		{650AE19E-77C1-4527-8555-C38FEC864235}.Debug|Any CPU.Build.0 = Debug|Any CPU
		{650AE19E-77C1-4527-8555-C38FEC864235}.Release|Any CPU.ActiveCfg = Release|Any CPU
		{650AE19E-77C1-4527-8555-C38FEC864235}.Release|Any CPU.Build.0 = Release|Any CPU
	EndGlobalSection
	GlobalSection(NestedProjects) = preSolution
		{D3C1C173-7B1E-49B5-84DE-F4BECE39AA3F} = {FEC3B513-AB72-4BE3-9CB5-0CF8C5220A27}
		{1E907E30-EC86-4D6E-8159-3B1721B76D55} = {FEC3B513-AB72-4BE3-9CB5-0CF8C5220A27}
		{65069186-66B0-4666-8A24-0EAFFD036967} = {FEC3B513-AB72-4BE3-9CB5-0CF8C5220A27}
		{8863B713-3562-466D-A867-A79D4EF0E417} = {FEC3B513-AB72-4BE3-9CB5-0CF8C5220A27}
		{D2379728-051D-49C7-89FE-E44D6CD7A322} = {FEC3B513-AB72-4BE3-9CB5-0CF8C5220A27}
		{650AE19E-77C1-4527-8555-C38FEC864235} = {666A24E5-78DF-42B9-9D83-48E382DE7BA7}
	EndGlobalSection
EndGlobal
